
Microsoft Visual Studio Solution File, Format Version 12.00
# Visual Studio Version 16
VisualStudioVersion = 16.0.31624.102
MinimumVisualStudioVersion = 10.0.40219.1
Project("{FAE04EC0-301F-11D3-BF4B-00C04F79EFBC}") = "marathon2", "marathon2\marathon2.csproj", "{0190AAB6-C2E8-4185-AC7C-5C9E7632C766}"
EndProject
Global
	GlobalSection(SolutionConfigurationPlatforms) = preSolution
		Debug|Any CPU = Debug|Any CPU
		Release|Any CPU = Release|Any CPU
	EndGlobalSection
	GlobalSection(ProjectConfigurationPlatforms) = postSolution
		{0190AAB6-C2E8-4185-AC7C-5C9E7632C766}.Debug|Any CPU.ActiveCfg = Debug|Any CPU
		{0190AAB6-C2E8-4185-AC7C-5C9E7632C766}.Debug|Any CPU.Build.0 = Debug|Any CPU
		{0190AAB6-C2E8-4185-AC7C-5C9E7632C766}.Release|Any CPU.ActiveCfg = Release|Any CPU
		{0190AAB6-C2E8-4185-AC7C-5C9E7632C766}.Release|Any CPU.Build.0 = Release|Any CPU
	EndGlobalSection
	GlobalSection(SolutionProperties) = preSolution
		HideSolutionNode = FALSE
	EndGlobalSection
	GlobalSection(ExtensibilityGlobals) = postSolution
		SolutionGuid = {5EEAAAC4-2DC4-4520-88DB-01460808122B}
	EndGlobalSection
EndGlobal
